
Microsoft Visual Studio Solution File, Format Version 12.00
# Visual Studio Version 17
VisualStudioVersion = 17.6.33815.320
MinimumVisualStudioVersion = 10.0.40219.1
Project("{FAE04EC0-301F-11D3-BF4B-00C04F79EFBC}") = "WinFormsApp11", "WinFormsApp11\WinFormsApp11.csproj", "{8D8AE517-7C45-461C-96F9-47B388FF5CE7}"
EndProject
Global
	GlobalSection(SolutionConfigurationPlatforms) = preSolution
		Debug|Any CPU = Debug|Any CPU
		Release|Any CPU = Release|Any CPU
	EndGlobalSection
	GlobalSection(ProjectConfigurationPlatforms) = postSolution
		{8D8AE517-7C45-461C-96F9-47B388FF5CE7}.Debug|Any CPU.ActiveCfg = Debug|Any CPU
		{8D8AE517-7C45-461C-96F9-47B388FF5CE7}.Debug|Any CPU.Build.0 = Debug|Any CPU
		{8D8AE517-7C45-461C-96F9-47B388FF5CE7}.Release|Any CPU.ActiveCfg = Release|Any CPU
		{8D8AE517-7C45-461C-96F9-47B388FF5CE7}.Release|Any CPU.Build.0 = Release|Any CPU
	EndGlobalSection
	GlobalSection(SolutionProperties) = preSolution
		HideSolutionNode = FALSE
	EndGlobalSection
	GlobalSection(ExtensibilityGlobals) = postSolution
		SolutionGuid = {402137AC-941F-4961-BFA1-55FD0B42946C}
	EndGlobalSection
EndGlobal
